PODS:
  - Capacitor (8.1.0):
    - CapacitorCordova
  - CapacitorApp (8.0.1):
    - Capacitor
  - CapacitorBrowser (8.0.1):
    - Capacitor
  - CapacitorCamera (8.0.1):
    - Capacitor
  - CapacitorCordova (8.1.0)
  - CapacitorFilesystem (8.1.2):
    - Capacitor
    - IONFilesystemLib (~> 1.1.1)
  - CapacitorHaptics (8.0.1):
    - Capacitor
  - CapacitorKeyboard (8.0.1):
    - Capacitor
  - CapacitorPushNotifications (8.0.1):
    - Capacitor
  - CapacitorShare (8.0.1):
    - Capacitor
  - CapacitorSplashScreen (8.0.1):
    - Capacitor
  - CapacitorStatusBar (8.0.1):
    - Capacitor
  - IONFilesystemLib (1.1.1)

DEPENDENCIES:
  - "Capacitor (from `../../../../node_modules/@capacitor/ios`)"
  - "CapacitorApp (from `../../../../node_modules/@capacitor/app`)"
  - "CapacitorBrowser (from `../../../../node_modules/@capacitor/browser`)"
  - "CapacitorCamera (from `../../../../node_modules/@capacitor/camera`)"
  - "CapacitorCordova (from `../../../../node_modules/@capacitor/ios`)"
  - "CapacitorFilesystem (from `../../../../node_modules/@capacitor/filesystem`)"
  - "CapacitorHaptics (from `../../../../node_modules/@capacitor/haptics`)"
  - "CapacitorKeyboard (from `../../../../node_modules/@capacitor/keyboard`)"
  - "CapacitorPushNotifications (from `../../../../node_modules/@capacitor/push-notifications`)"
  - "CapacitorShare (from `../../../../node_modules/@capacitor/share`)"
  - "CapacitorSplashScreen (from `../../../../node_modules/@capacitor/splash-screen`)"
  - "CapacitorStatusBar (from `../../../../node_modules/@capacitor/status-bar`)"

SPEC REPOS:
  trunk:
    - IONFilesystemLib

EXTERNAL SOURCES:
  Capacitor:
    :path: "../../../../node_modules/@capacitor/ios"
  CapacitorApp:
    :path: "../../../../node_modules/@capacitor/app"
  CapacitorBrowser:
    :path: "../../../../node_modules/@capacitor/browser"
  CapacitorCamera:
    :path: "../../../../node_modules/@capacitor/camera"
  CapacitorCordova:
    :path: "../../../../node_modules/@capacitor/ios"
  CapacitorFilesystem:
    :path: "../../../../node_modules/@capacitor/filesystem"
  CapacitorHaptics:
    :path: "../../../../node_modules/@capacitor/haptics"
  CapacitorKeyboard:
    :path: "../../../../node_modules/@capacitor/keyboard"
  CapacitorPushNotifications:
    :path: "../../../../node_modules/@capacitor/push-notifications"
  CapacitorShare:
    :path: "../../../../node_modules/@capacitor/share"
  CapacitorSplashScreen:
    :path: "../../../../node_modules/@capacitor/splash-screen"
  CapacitorStatusBar:
    :path: "../../../../node_modules/@capacitor/status-bar"

SPEC CHECKSUMS:
  Capacitor: 47b825120c6b8b6d6f9f053e9350a8960d436710
  CapacitorApp: 942306cd1acf7774a00e89a3986af3a67c8cad7a
  CapacitorBrowser: e72e572d5dbdbb854fda5950586a2451e981f2d6
  CapacitorCamera: fcacb82cc319e62f8d8c93e20f3f70e2464efe5e
  CapacitorCordova: e8b76fd95fc1e157775abc484c59cc0de464095d
  CapacitorFilesystem: 2db285a1ac6e475cc27cae2e1bea999000f9e2be
  CapacitorHaptics: 4df2c625445cef39b67ea635a21802bc92df3b82
  CapacitorKeyboard: 867eb4b3c901d9bb5c3d0c93b546185d52484e19
  CapacitorPushNotifications: 99644101c6a82036e459929b6d897ee1cb27d97f
  CapacitorShare: 0c58305114538568059bfc07111f22dcb9cb2a82
  CapacitorSplashScreen: 4b46c72298db552b3c57ce021ef028b6dc7f1fa7
  CapacitorStatusBar: 32206abd53b14f339763da26f71286deaa891e16
  IONFilesystemLib: dfa8706539ac9ab77ccfd6e5b3830ce9b5e57f6c

PODFILE CHECKSUM: 72724cd2f8c2f9ab1dd3943861abfc0b0faa2bec

COCOAPODS: 1.16.2
